
Microsoft Visual Studio Solution File, Format Version 12.00
# Visual Studio 15
VisualStudioVersion = 15.0.28307.572
MinimumVisualStudioVersion = 10.0.40219.1
Project("{FAE04EC0-301F-11D3-BF4B-00C04F79EFBC}") = "PokemonGoTeleporter", "PokemonGoTeleporter\PokemonGoTeleporter.csproj", "{5B8D6119-BB87-4A00-9749-04994B73818D}"
EndProject
Global
	GlobalSection(SolutionConfigurationPlatforms) = preSolution
		Debug|Any CPU = Debug|Any CPU
		Release|Any CPU = Release|Any CPU
	EndGlobalSection
	GlobalSection(ProjectConfigurationPlatforms) = postSolution
		{5B8D6119-BB87-4A00-9749-04994B73818D}.Debug|Any CPU.ActiveCfg = Debug|Any CPU
		{5B8D6119-BB87-4A00-9749-04994B73818D}.Debug|Any CPU.Build.0 = Debug|Any CPU
		{5B8D6119-BB87-4A00-9749-04994B73818D}.Release|Any CPU.ActiveCfg = Release|Any CPU
		{5B8D6119-BB87-4A00-9749-04994B73818D}.Release|Any CPU.Build.0 = Release|Any CPU
	EndGlobalSection
	GlobalSection(SolutionProperties) = preSolution
		HideSolutionNode = FALSE
	EndGlobalSection
	GlobalSection(ExtensibilityGlobals) = postSolution
		SolutionGuid = {F80C2504-1057-49FC-A1CE-E902CD0C3F97}
	EndGlobalSection
EndGlobal
